PODS:
  - JSONModel (1.8.0)
  - ZKMLPrefixHeaderModule (0.1.2)
  - ZKMLToolsModule (0.1.0):
    - JSONModel
    - ZKMLPrefixHeaderModule

DEPENDENCIES:
  - ZKMLToolsModule (from `../`)

SPEC REPOS:
  https://github.com/cocoapods/specs.git:
    - JSONModel
  https://github.com/ZkmlEasycarOrganization/ZkmlRemotePodSpecs.git:
    - ZKMLPrefixHeaderModule

EXTERNAL SOURCES:
  ZKMLToolsModule:
    :path: "../"

SPEC CHECKSUMS:
  JSONModel: 02ab723958366a3fd27da57ea2af2113658762e9
  ZKMLPrefixHeaderModule: 1c3e8bec115842220f5a77990cc0bf6f348172fb
  ZKMLToolsModule: 7d375ee7afffdb6cb97dd77625a43cc77c6805bb

PODFILE CHECKSUM: 6060b4094aa4d85e2fb7bb7297fba376f7feeb40

COCOAPODS: 1.7.2
